{
  "name": "her bday",
  "lockfileVersion": 3,
  "requires": true,
  "packages": {
    "": {
      "dependencies": {
        "canvas-confetti": "^1.9.3",
        "lottie-web": "^5.13.0",
        "tsparticles": "^3.9.0"
      }
    },
    "node_modules/@tsparticles/basic": {
      "version": "3.9.0",
      "resolved": "https://registry.npmjs.org/@tsparticles/basic/-/basic-3.9.0.tgz",
      "integrity": "sha512-L69wL7kCm103ZiYPXdqIivQIFSEq5eyIGxqfQAbhvwzSs5kwK+bro4RMgzZQRzSysODZ5oi/wMhbHK8Knt7TsA==",
      "funding": [
        {
          "type": "github",
          "url": "https://github.com/sponsors/matteobruni"
        },
        {
          "type": "github",
          "url": "https://github.com/sponsors/tsparticles"
        },
        {
          "type": "buymeacoffee",
          "url": "https://www.buymeacoffee.com/matteobruni"
        }
      ],
      "dependencies": {
        "@tsparticles/engine": "3.9.0",
        "@tsparticles/move-base": "3.9.0",
        "@tsparticles/plugin-hex-color": "3.9.0",
        "@tsparticles/plugin-hsl-color": "3.9.0",
        "@tsparticles/plugin-rgb-color": "3.9.0",
        "@tsparticles/shape-circle": "3.9.0",
        "@tsparticles/updater-color": "3.9.0",
        "@tsparticles/updater-opacity": "3.9.0",
        "@tsparticles/updater-out-modes": "3.9.0",
        "@tsparticles/updater-size": "3.9.0"
      }
    },
    "node_modules/@tsparticles/engine": {
      "version": "3.9.0",
      "resolved": "https://registry.npmjs.org/@tsparticles/engine/-/engine-3.9.0.tgz",
      "integrity": "sha512-/LgIE67s18ROFEG/s0WX/M1qtjYuDYThUCeTQ2aOhb9hmJJo8PFCODP9pA3jEqZwMyk/8j5eiEtOneJ/9VDyMA==",
      "funding": [
        {
          "type": "github",
          "url": "https://github.com/sponsors/matteobruni"
        },
        {
          "type": "github",
          "url": "https://github.com/sponsors/tsparticles"
        },
        {
          "type": "buymeacoffee",
          "url": "https://www.buymeacoffee.com/matteobruni"
        }
      ],
      "hasInstallScript": true
    },
    "node_modules/@tsparticles/interaction-external-attract": {
      "version": "3.9.0",
      "resolved": "https://registry.npmjs.org/@tsparticles/interaction-external-attract/-/interaction-external-attract-3.9.0.tgz",
      "integrity": "sha512-H8xD3VxyDNME3JaLUBZCluNG2dS89bB8tFjuGsa0jaADDO2qIA4jE/l6SCUsJmDDRevgUgUgmm0rXIQACxMong==",
      "dependencies": {
        "@tsparticles/engine": "3.9.0"
      }
    },
    "node_modules/@tsparticles/interaction-external-bounce": {
      "version": "3.9.0",
      "resolved": "https://registry.npmjs.org/@tsparticles/interaction-external-bounce/-/interaction-external-bounce-3.9.0.tgz",
      "integrity": "sha512-hahevKmBYd5aEz7qMx5jlT4NKlO+Y+3XGk3ryltPIzUp/+MfApulpnmvAAiDLG7QDGqc6QK4Xhqe8jZO0iitUQ==",
      "dependencies": {
        "@tsparticles/engine": "3.9.0"
      }
    },
    "node_modules/@tsparticles/interaction-external-bubble": {
      "version": "3.9.0",
      "resolved": "https://registry.npmjs.org/@tsparticles/interaction-external-bubble/-/interaction-external-bubble-3.9.0.tgz",
      "integrity": "sha512-TVGuSdAGZWyTOjRXlRiduY2+2HxoN7HMCZ8JQjQVYnjnWjiLuSVq3UKrOCibFVglanTvmds2w0AF6cGz65KxOA==",
      "dependencies": {
        "@tsparticles/engine": "3.9.0"
      }
    },
    "node_modules/@tsparticles/interaction-external-connect": {
      "version": "3.9.0",
      "resolved": "https://registry.npmjs.org/@tsparticles/interaction-external-connect/-/interaction-external-connect-3.9.0.tgz",
      "integrity": "sha512-RK+JOqR8kRHDie6V4R9orB7oY0YPlRU/ADp0wfhEtIqiice56fYczq4375tsajwnLgNcUDsDBdC8eNELoEMfog==",
      "dependencies": {
        "@tsparticles/engine": "3.9.0"
      }
    },
    "node_modules/@tsparticles/interaction-external-grab": {
      "version": "3.9.0",
      "resolved": "https://registry.npmjs.org/@tsparticles/interaction-external-grab/-/interaction-external-grab-3.9.0.tgz",
      "integrity": "sha512-nxD+3hnJmPNtuT8YnG6af29gb7k17C6DuIc4k74e9QmGf0zl+OPbQfi+DkIMdkRaLd0MRZtXRjK5vG2rpf8GmA==",
      "dependencies": {
        "@tsparticles/engine": "3.9.0"
      }
    },
    "node_modules/@tsparticles/interaction-external-pause": {
      "version": "3.9.0",
      "resolved": "https://registry.npmjs.org/@tsparticles/interaction-external-pause/-/interaction-external-pause-3.9.0.tgz",
      "integrity": "sha512-+rrHoTv7nPs5Fg+tG+vie6XKhyJMnfjCU/vuB5AoSzggmpy6NzYfUBQchlWX76krakwzfAiUIf5eF2egiKwfSg==",
      "dependencies": {
        "@tsparticles/engine": "3.9.0"
      }
    },
    "node_modules/@tsparticles/interaction-external-push": {
      "version": "3.9.0",
      "resolved": "https://registry.npmjs.org/@tsparticles/interaction-external-push/-/interaction-external-push-3.9.0.tgz",
      "integrity": "sha512-802MbjjE+lYs+kZLpZlEzLoYXRAjRIgxLPfB29bUDpEEoJwC47McV7v3x1UTOll8eIRrn5zIkR0QRqHh7C4hCg==",
      "dependencies": {
        "@tsparticles/engine": "3.9.0"
      }
    },
    "node_modules/@tsparticles/interaction-external-remove": {
      "version": "3.9.0",
      "resolved": "https://registry.npmjs.org/@tsparticles/interaction-external-remove/-/interaction-external-remove-3.9.0.tgz",
      "integrity": "sha512-hcSxEAqD6oxACzTxEFXcZMmE49/HeOPXYeQlWAS2jH+s4MDJjW1UXABPjltRk5dMrjLz/yx4IsjUO5DOT9oTgg==",
      "dependencies": {
        "@tsparticles/engine": "3.9.0"
      }
    },
    "node_modules/@tsparticles/interaction-external-repulse": {
      "version": "3.9.0",
      "resolved": "https://registry.npmjs.org/@tsparticles/interaction-external-repulse/-/interaction-external-repulse-3.9.0.tgz",
      "integrity": "sha512-EttzcdLbwwj9n9aAVAipZ8Gy6QVxZqBo4NdTULG9JYqWn5rauQCbdo87aeBUljyr2iAXxVq3hQ5RYnICG1FWQQ==",
      "dependencies": {
        "@tsparticles/engine": "3.9.0"
      }
    },
    "node_modules/@tsparticles/interaction-external-slow": {
      "version": "3.9.0",
      "resolved": "https://registry.npmjs.org/@tsparticles/interaction-external-slow/-/interaction-external-slow-3.9.0.tgz",
      "integrity": "sha512-t3Lnv7ElArETJT9ZpcjRxb0vBynYVuaLaEZ/CflHekY+EQVDfDDQnGM51+IuTdVPXpGZkmzlDVHazl4sK/kmVQ==",
      "dependencies": {
        "@tsparticles/engine": "3.9.0"
      }
    },
    "node_modules/@tsparticles/interaction-external-trail": {
      "version": "3.8.1",
      "resolved": "https://registry.npmjs.org/@tsparticles/interaction-external-trail/-/interaction-external-trail-3.8.1.tgz",
      "integrity": "sha512-CUiTxCtTASYdqi55KpJ98IRnuLS+G66v+s1/dZeAE7F7wzL7tkcUBQ3hP1yzBpFmKsoYHJfz9nAfocAkgRb6hg==",
      "dependencies": {
        "@tsparticles/engine": "3.8.1"
      }
    },
    "node_modules/@tsparticles/interaction-external-trail/node_modules/@tsparticles/engine": {
      "version": "3.8.1",
      "resolved": "https://registry.npmjs.org/@tsparticles/engine/-/engine-3.8.1.tgz",
      "integrity": "sha512-S8h10nuZfElY7oih//NUHnT5qf4v3/dnsU8CMs7dz5lBEGr3amrYrXk0V+YKPTIQwfdmJHUaSBoAqFiv4aEGIA==",
      "funding": [
        {
          "type": "github",
          "url": "https://github.com/sponsors/matteobruni"
        },
        {
          "type": "github",
          "url": "https://github.com/sponsors/tsparticles"
        },
        {
          "type": "buymeacoffee",
          "url": "https://www.buymeacoffee.com/matteobruni"
        }
      ],
      "hasInstallScript": true
    },
    "node_modules/@tsparticles/interaction-particles-attract": {
      "version": "3.9.0",
      "resolved": "https://registry.npmjs.org/@tsparticles/interaction-particles-attract/-/interaction-particles-attract-3.9.0.tgz",
      "integrity": "sha512-bOhxSVDDGlkfP5FgsUN42Oj8wVX68hr88BimnZyF89uZAQLysj8XqlcjHbHuhEViGLsugi1J1jKPPOMbk935+g==",
      "dependencies": {
        "@tsparticles/engine": "3.9.0"
      }
    },
    "node_modules/@tsparticles/interaction-particles-collisions": {
      "version": "3.9.0",
      "resolved": "https://registry.npmjs.org/@tsparticles/interaction-particles-collisions/-/interaction-particles-collisions-3.9.0.tgz",
      "integrity": "sha512-8LN84jM2DlBvPR3RkSODHeSSqoboq6/cdGXWhSoF7bSL6LFcCV8qa/mICsbR/JdT9l2r9chUMJlrG9QpTyOZGA==",
      "dependencies": {
        "@tsparticles/engine": "3.9.0"
      }
    },
    "node_modules/@tsparticles/interaction-particles-links": {
      "version": "3.9.0",
      "resolved": "https://registry.npmjs.org/@tsparticles/interaction-particles-links/-/interaction-particles-links-3.9.0.tgz",
      "integrity": "sha512-52aH4+LQJBOeUskt+ZEUdpVUg7nUpNA04ThERNm/kcsdcm1G4JAuAadujnuARi8wHhEt3Q35ufxX32/IyFJiQA==",
      "dependencies": {
        "@tsparticles/engine": "3.9.0"
      }
    },
    "node_modules/@tsparticles/move-base": {
      "version": "3.9.0",
      "resolved": "https://registry.npmjs.org/@tsparticles/move-base/-/move-base-3.9.0.tgz",
      "integrity": "sha512-5zt2B46nfokJOjZe2xwgEXkH0Lh8ZYIWp8UmLCFsnEEU2+AqpeUT+guDG8iARMKomgVenxFPjlwlDfAHPMQMSg==",
      "dependencies": {
        "@tsparticles/engine": "3.9.0"
      }
    },
    "node_modules/@tsparticles/move-parallax": {
      "version": "3.9.0",
      "resolved": "https://registry.npmjs.org/@tsparticles/move-parallax/-/move-parallax-3.9.0.tgz",
      "integrity": "sha512-E6vfXdVMSMycdHBqBzPxVf5OJT2kiPl/ZfdQaSkS2PPAbLYT1xhlyMkejgp/Gf0C4/4qQjuiVHjzQCqELAviAw==",
      "dependencies": {
        "@tsparticles/engine": "3.9.0"
      }
    },
    "node_modules/@tsparticles/plugin-absorbers": {
      "version": "3.9.0",
      "resolved": "https://registry.npmjs.org/@tsparticles/plugin-absorbers/-/plugin-absorbers-3.9.0.tgz",
      "integrity": "sha512-52k5fbijPebH8Qbh/53NevNdkiluy734WYWNwW9526OgoWGgAVSp3+CNV9PHEiVq+RwtIsb2DtJEF9tYE4MfOA==",
      "dependencies": {
        "@tsparticles/engine": "3.9.0"
      }
    },
    "node_modules/@tsparticles/plugin-easing-quad": {
      "version": "3.9.0",
      "resolved": "https://registry.npmjs.org/@tsparticles/plugin-easing-quad/-/plugin-easing-quad-3.9.0.tgz",
      "integrity": "sha512-FXBr/eNDSnJFtUZbc5tniKo8evdhUD88YiCQKAeOZelooXJVJs6JdYj+GmU2corMtvyWDb5pNEQhWLIneiS23A==",
      "funding": [
        {
          "type": "github",
          "url": "https://github.com/sponsors/matteobruni"
        },
        {
          "type": "github",
          "url": "https://github.com/sponsors/tsparticles"
        },
        {
          "type": "buymeacoffee",
          "url": "https://www.buymeacoffee.com/matteobruni"
        }
      ],
      "dependencies": {
        "@tsparticles/engine": "3.9.0"
      }
    },
    "node_modules/@tsparticles/plugin-emitters": {
      "version": "3.9.0",
      "resolved": "https://registry.npmjs.org/@tsparticles/plugin-emitters/-/plugin-emitters-3.9.0.tgz",
      "integrity": "sha512-XbOJmt4Iez0SXTVC5k8oo4p5x6/EJoFFesVtKhtfoCmeVkXZAdQotonfqUIfe6ltDtpOVBK9oKNtA0rIvPviNA==",
      "dependencies": {
        "@tsparticles/engine": "3.9.0"
      }
    },
    "node_modules/@tsparticles/plugin-emitters-shape-circle": {
      "version": "3.9.0",
      "resolved": "https://registry.npmjs.org/@tsparticles/plugin-emitters-shape-circle/-/plugin-emitters-shape-circle-3.9.0.tgz",
      "integrity": "sha512-pfmLCsdgcrK598Ky9COIdCkmus0NcCF+rrSahIkcDRgMmdn5EC7nEk8+fN+ab5fVeAoKyy8wUoov4TMHHVnuiA==",
      "funding": [
        {
          "type": "github",
          "url": "https://github.com/sponsors/matteobruni"
        },
        {
          "type": "github",
          "url": "https://github.com/sponsors/tsparticles"
        },
        {
          "type": "buymeacoffee",
          "url": "https://www.buymeacoffee.com/matteobruni"
        }
      ],
      "dependencies": {
        "@tsparticles/engine": "3.9.0",
        "@tsparticles/plugin-emitters": "3.9.0"
      }
    },
    "node_modules/@tsparticles/plugin-emitters-shape-square": {
      "version": "3.9.0",
      "resolved": "https://registry.npmjs.org/@tsparticles/plugin-emitters-shape-square/-/plugin-emitters-shape-square-3.9.0.tgz",
      "integrity": "sha512-fsAdT01kWAwYelGTPsHZJfdYFnqrf0gVHvWSD2f49pIyWd5KI0HeY64LOjwJeXzwqkG4+WBDDEMNZvsLstzVzg==",
      "funding": [
        {
          "type": "github",
          "url": "https://github.com/sponsors/matteobruni"
        },
        {
          "type": "github",
          "url": "https://github.com/sponsors/tsparticles"
        },
        {
          "type": "buymeacoffee",
          "url": "https://www.buymeacoffee.com/matteobruni"
        }
      ],
      "dependencies": {
        "@tsparticles/engine": "3.9.0",
        "@tsparticles/plugin-emitters": "3.9.0"
      }
    },
    "node_modules/@tsparticles/plugin-hex-color": {
      "version": "3.9.0",
      "resolved": "https://registry.npmjs.org/@tsparticles/plugin-hex-color/-/plugin-hex-color-3.9.0.tgz",
      "integrity": "sha512-hV6Rsdv4iR1/zx9glMY8IJLcG19ucMw6Hgm3GcFy7zg6sO2nQReVOllUrab06nS1FthxNCuCxtOmt7v3n0oHpA==",
      "funding": [
        {
          "type": "github",
          "url": "https://github.com/sponsors/matteobruni"
        },
        {
          "type": "github",
          "url": "https://github.com/sponsors/tsparticles"
        },
        {
          "type": "buymeacoffee",
          "url": "https://www.buymeacoffee.com/matteobruni"
        }
      ],
      "dependencies": {
        "@tsparticles/engine": "3.9.0"
      }
    },
    "node_modules/@tsparticles/plugin-hsl-color": {
      "version": "3.9.0",
      "resolved": "https://registry.npmjs.org/@tsparticles/plugin-hsl-color/-/plugin-hsl-color-3.9.0.tgz",
      "integrity": "sha512-prN/nUz3bqc47fzZvcaYl2F+PBoOOc9UU/0IKZizBMX4o7f6HWDbgNZ6BtP40xACoSBwSGO67k6pMee89kSXNg==",
      "funding": [
        {
          "type": "github",
          "url": "https://github.com/sponsors/matteobruni"
        },
        {
          "type": "github",
          "url": "https://github.com/sponsors/tsparticles"
        },
        {
          "type": "buymeacoffee",
          "url": "https://www.buymeacoffee.com/matteobruni"
        }
      ],
      "dependencies": {
        "@tsparticles/engine": "3.9.0"
      }
    },
    "node_modules/@tsparticles/plugin-rgb-color": {
      "version": "3.9.0",
      "resolved": "https://registry.npmjs.org/@tsparticles/plugin-rgb-color/-/plugin-rgb-color-3.9.0.tgz",
      "integrity": "sha512-jN5mdTGfkNIlwfqW9QlL11Pwc49iZM8mIdxfGqsMQLqbNQ4ii6H/03YSVxyv9yvXR6Aq8Uw8a8D2OQTUIS4E5g==",
      "funding": [
        {
          "type": "github",
          "url": "https://github.com/sponsors/matteobruni"
        },
        {
          "type": "github",
          "url": "https://github.com/sponsors/tsparticles"
        },
        {
          "type": "buymeacoffee",
          "url": "https://www.buymeacoffee.com/matteobruni"
        }
      ],
      "dependencies": {
        "@tsparticles/engine": "3.9.0"
      }
    },
    "node_modules/@tsparticles/shape-circle": {
      "version": "3.9.0",
      "resolved": "https://registry.npmjs.org/@tsparticles/shape-circle/-/shape-circle-3.9.0.tgz",
      "integrity": "sha512-ga5U59DM7w1OwRDZda4wY5QTA+3sTUy4u/L7+JlwzjbWuBE7UAzpqZ1tE0Vvu4fOLsN8kRkEN5Mw1dxSOilpTg==",
      "dependencies": {
        "@tsparticles/engine": "3.9.0"
      }
    },
    "node_modules/@tsparticles/shape-emoji": {
      "version": "3.9.0",
      "resolved": "https://registry.npmjs.org/@tsparticles/shape-emoji/-/shape-emoji-3.9.0.tgz",
      "integrity": "sha512-oHDAsE+bybUxOar/Wp9MSEp0NUE/5MtyEiurZzHxoCgLQkpcHEjoSg2cvP9JHUfH3m+z0YcdG36eQM/4h3CnSw==",
      "dependencies": {
        "@tsparticles/engine": "3.9.0"
      }
    },
    "node_modules/@tsparticles/shape-image": {
      "version": "3.9.0",
      "resolved": "https://registry.npmjs.org/@tsparticles/shape-image/-/shape-image-3.9.0.tgz",
      "integrity": "sha512-Ni0fliUbovbhdevBl86Au/lelwKdwGrhZmo0hmEjNpTGB2S39X23+uQuQLmAvSmqeh8fYNnprda0RMfpQ5nIjA==",
      "dependencies": {
        "@tsparticles/engine": "3.9.0"
      }
    },
    "node_modules/@tsparticles/shape-line": {
      "version": "3.9.0",
      "resolved": "https://registry.npmjs.org/@tsparticles/shape-line/-/shape-line-3.9.0.tgz",
      "integrity": "sha512-ZXw7SPKv7QPZ4j9NFmdHAPm7u2/YyoXU9d2hlBvqqCqOiNpn75okjcSos1AGPC2oXOy/Mkqn3YAVwx4Y8oh3kw==",
      "dependencies": {
        "@tsparticles/engine": "3.9.0"
      }
    },
    "node_modules/@tsparticles/shape-polygon": {
      "version": "3.9.0",
      "resolved": "https://registry.npmjs.org/@tsparticles/shape-polygon/-/shape-polygon-3.9.0.tgz",
      "integrity": "sha512-iuR4oAdFivD/EkZFY72SicSfIs+EdXr/SCffPPZtesxaH6VQkk4sWC/rMMKmtex/y6Q3wnwVKZKXfsFSxsZA1Q==",
      "dependencies": {
        "@tsparticles/engine": "3.9.0"
      }
    },
    "node_modules/@tsparticles/shape-square": {
      "version": "3.9.0",
      "resolved": "https://registry.npmjs.org/@tsparticles/shape-square/-/shape-square-3.9.0.tgz",
      "integrity": "sha512-R46hLyC6zTuAdlmR705qW+kaKp2HLxVrOBCU/xU09WhXfp/nZ/NML+rcHN8B9hOITUkDxVv78LV8xyUcN3dkmA==",
      "dependencies": {
        "@tsparticles/engine": "3.9.0"
      }
    },
    "node_modules/@tsparticles/shape-star": {
      "version": "3.9.0",
      "resolved": "https://registry.npmjs.org/@tsparticles/shape-star/-/shape-star-3.9.0.tgz",
      "integrity": "sha512-dZVyfxpxSxgiPUzrMFUIPpzk31vyG3OILrzdXRMfyDHA9HvJ8ElU9JNfYYMmDNBkmBCuokErz2zuJtSKX/TIjw==",
      "dependencies": {
        "@tsparticles/engine": "3.9.0"
      }
    },
    "node_modules/@tsparticles/shape-text": {
      "version": "3.9.0",
      "resolved": "https://registry.npmjs.org/@tsparticles/shape-text/-/shape-text-3.9.0.tgz",
      "integrity": "sha512-ev+8+QaiIbN5xKR7byQ3EBdcmIf1QtQ8d1oucrv5fpEay47NDhdyfSQVZeJAa9kpb6flrhJXVlnFhXy7tyPmAg==",
      "dependencies": {
        "@tsparticles/engine": "3.9.0"
      }
    },
    "node_modules/@tsparticles/slim": {
      "version": "3.9.0",
      "resolved": "https://registry.npmjs.org/@tsparticles/slim/-/slim-3.9.0.tgz",
      "integrity": "sha512-x6E4de8goOd4mXWWBB8YeIKB/KzjkYTYc0n7Z4DupgIKylJiqmsmQ16zokcIUQFYWTfne5jLCcQzPlTubm0IJw==",
      "funding": [
        {
          "type": "github",
          "url": "https://github.com/sponsors/matteobruni"
        },
        {
          "type": "github",
          "url": "https://github.com/sponsors/tsparticles"
        },
        {
          "type": "buymeacoffee",
          "url": "https://www.buymeacoffee.com/matteobruni"
        }
      ],
      "dependencies": {
        "@tsparticles/basic": "3.9.0",
        "@tsparticles/engine": "3.9.0",
        "@tsparticles/interaction-external-attract": "3.9.0",
        "@tsparticles/interaction-external-bounce": "3.9.0",
        "@tsparticles/interaction-external-bubble": "3.9.0",
        "@tsparticles/interaction-external-connect": "3.9.0",
        "@tsparticles/interaction-external-grab": "3.9.0",
        "@tsparticles/interaction-external-pause": "3.9.0",
        "@tsparticles/interaction-external-push": "3.9.0",
        "@tsparticles/interaction-external-remove": "3.9.0",
        "@tsparticles/interaction-external-repulse": "3.9.0",
        "@tsparticles/interaction-external-slow": "3.9.0",
        "@tsparticles/interaction-particles-attract": "3.9.0",
        "@tsparticles/interaction-particles-collisions": "3.9.0",
        "@tsparticles/interaction-particles-links": "3.9.0",
        "@tsparticles/move-parallax": "3.9.0",
        "@tsparticles/plugin-easing-quad": "3.9.0",
        "@tsparticles/shape-emoji": "3.9.0",
        "@tsparticles/shape-image": "3.9.0",
        "@tsparticles/shape-line": "3.9.0",
        "@tsparticles/shape-polygon": "3.9.0",
        "@tsparticles/shape-square": "3.9.0",
        "@tsparticles/shape-star": "3.9.0",
        "@tsparticles/updater-life": "3.9.0",
        "@tsparticles/updater-rotate": "3.9.0",
        "@tsparticles/updater-stroke-color": "3.9.0"
      }
    },
    "node_modules/@tsparticles/updater-color": {
      "version": "3.9.0",
      "resolved": "https://registry.npmjs.org/@tsparticles/updater-color/-/updater-color-3.9.0.tgz",
      "integrity": "sha512-8NKajfmD+eDis+hoK9Ke5dZ1tovKq29KyYCcfv/RKZy4ay1s8/Waxa429Ov+h7Pbj+kKBkNECjMuJRvtkBv3+A==",
      "dependencies": {
        "@tsparticles/engine": "3.9.0"
      }
    },
    "node_modules/@tsparticles/updater-destroy": {
      "version": "3.9.0",
      "resolved": "https://registry.npmjs.org/@tsparticles/updater-destroy/-/updater-destroy-3.9.0.tgz",
      "integrity": "sha512-RFggH7MhJ1I3mJT5Nzd0K9d7zCNdfRPXb0AJ+SBwRwRcPgBeq6/6DmAmVJtM0wzU7m6vqeT9FwyzGZ8/eA3O+g==",
      "dependencies": {
        "@tsparticles/engine": "3.9.0"
      }
    },
    "node_modules/@tsparticles/updater-life": {
      "version": "3.9.0",
      "resolved": "https://registry.npmjs.org/@tsparticles/updater-life/-/updater-life-3.9.0.tgz",
      "integrity": "sha512-vy0lj95tP+wB43cAKVpMY3ZbDTrP3hzZKPC3YliCwC6kE+RxHONSrnTWp8wl/+KuWiIftKpHI6mq8C4TSDD/mg==",
      "dependencies": {
        "@tsparticles/engine": "3.9.0"
      }
    },
    "node_modules/@tsparticles/updater-opacity": {
      "version": "3.9.0",
      "resolved": "https://registry.npmjs.org/@tsparticles/updater-opacity/-/updater-opacity-3.9.0.tgz",
      "integrity": "sha512-qdVNRRWp4QgjtCLNz75UcRfJwy82u9N0QGLpLCOLjtB88P/itSlGhHADF5dCPIoeqRXRPzTLUBcuXDWOBrPigQ==",
      "dependencies": {
        "@tsparticles/engine": "3.9.0"
      }
    },
    "node_modules/@tsparticles/updater-out-modes": {
      "version": "3.9.0",
      "resolved": "https://registry.npmjs.org/@tsparticles/updater-out-modes/-/updater-out-modes-3.9.0.tgz",
      "integrity": "sha512-WcNDJctR1OwbpDtbwYbUZdGUuuUeuFaYB1c04UgrlM33rzshpjnPQqVg+BsNS5OS7KJtYety6nZ7I8L1axHlbw==",
      "dependencies": {
        "@tsparticles/engine": "3.9.0"
      }
    },
    "node_modules/@tsparticles/updater-roll": {
      "version": "3.9.0",
      "resolved": "https://registry.npmjs.org/@tsparticles/updater-roll/-/updater-roll-3.9.0.tgz",
      "integrity": "sha512-5vyc4EjK11v9ERaDllOY9AW5+KtQgcvgbpd1l1IFLudinvVWaOTQnZr/mVyJf6cmjJ1zzkJXd0wKLe5UChnYTQ==",
      "dependencies": {
        "@tsparticles/engine": "3.9.0"
      }
    },
    "node_modules/@tsparticles/updater-rotate": {
      "version": "3.9.0",
      "resolved": "https://registry.npmjs.org/@tsparticles/updater-rotate/-/updater-rotate-3.9.0.tgz",
      "integrity": "sha512-sk33uzYZ/tIoCFLq76PdwEtB+TE4lXNGUV0/AGrzs45EVLWj6Ma8+0szNZ+5JAvKihwcDjH9YeDjiykn1gHubg==",
      "dependencies": {
        "@tsparticles/engine": "3.9.0"
      }
    },
    "node_modules/@tsparticles/updater-size": {
      "version": "3.9.0",
      "resolved": "https://registry.npmjs.org/@tsparticles/updater-size/-/updater-size-3.9.0.tgz",
      "integrity": "sha512-56ur/nFSbAOH5K9/GNR8rvKN/i0oxGDVwJjsQzFuwJkdddFE40VYlobIByuvBoMGzzN13JJxP8s41aIxzEvBDw==",
      "dependencies": {
        "@tsparticles/engine": "3.9.0"
      }
    },
    "node_modules/@tsparticles/updater-stroke-color": {
      "version": "3.9.0",
      "resolved": "https://registry.npmjs.org/@tsparticles/updater-stroke-color/-/updater-stroke-color-3.9.0.tgz",
      "integrity": "sha512-GW8wMY3PZQc6dUMKb+lbP/WzNImqu0gliIE/wWPyrC5X6dCU0Hi85qHUNdsIBVU97IFhMuHQYIZe3LbDgRLUAA==",
      "dependencies": {
        "@tsparticles/engine": "3.9.0"
      }
    },
    "node_modules/@tsparticles/updater-tilt": {
      "version": "3.9.0",
      "resolved": "https://registry.npmjs.org/@tsparticles/updater-tilt/-/updater-tilt-3.9.0.tgz",
      "integrity": "sha512-ll3QaDLR1fR+A6IzQF3hMK0qVGEkZ/KHCXtmCo6FsCNNBCXhMmKz18JUa1e/ZyHiK1tQnYPt8ZDpvoJghOVwbg==",
      "dependencies": {
        "@tsparticles/engine": "3.9.0"
      }
    },
    "node_modules/@tsparticles/updater-twinkle": {
      "version": "3.9.0",
      "resolved": "https://registry.npmjs.org/@tsparticles/updater-twinkle/-/updater-twinkle-3.9.0.tgz",
      "integrity": "sha512-AJ3xgAQHUOvEdc/8pdrO0ix12zvC796AovL2oJa2Y9XkWi7saY2MY3lDjMiM3gKT20C+2vzQISIDRcHv1dFlYQ==",
      "dependencies": {
        "@tsparticles/engine": "3.9.0"
      }
    },
    "node_modules/@tsparticles/updater-wobble": {
      "version": "3.9.0",
      "resolved": "https://registry.npmjs.org/@tsparticles/updater-wobble/-/updater-wobble-3.9.0.tgz",
      "integrity": "sha512-v6JS7Pll9NWEzRk9Dq0zajpFHyeMIMBLgY/GOtDIJo0rncyhDrQZ6xzZHIA6ZjLtbQP/QB3uO0E4A2vMJDqE1A==",
      "dependencies": {
        "@tsparticles/engine": "3.9.0"
      }
    },
    "node_modules/canvas-confetti": {
      "version": "1.9.3",
      "resolved": "https://registry.npmjs.org/canvas-confetti/-/canvas-confetti-1.9.3.tgz",
      "integrity": "sha512-rFfTURMvmVEX1gyXFgn5QMn81bYk70qa0HLzcIOSVEyl57n6o9ItHeBtUSWdvKAPY0xlvBHno4/v3QPrT83q9g==",
      "funding": {
        "type": "donate",
        "url": "https://www.paypal.me/kirilvatev"
      }
    },
    "node_modules/lottie-web": {
      "version": "5.13.0",
      "resolved": "https://registry.npmjs.org/lottie-web/-/lottie-web-5.13.0.tgz",
      "integrity": "sha512-+gfBXl6sxXMPe8tKQm7qzLnUy5DUPJPKIyRHwtpCpyUEYjHYRJC/5gjUvdkuO2c3JllrPtHXH5UJJK8LRYl5yQ=="
    },
    "node_modules/tsparticles": {
      "version": "3.9.0",
      "resolved": "https://registry.npmjs.org/tsparticles/-/tsparticles-3.9.0.tgz",
      "integrity": "sha512-SDnGlebScqZEIhGXhCRSFLw1MsxTxgPo1HLuLyZ+GLVy7e8lMMLxP1N2LBpOTs9MZQDYBdXoC4x1gWISK3CXPg==",
      "funding": [
        {
          "type": "github",
          "url": "https://github.com/sponsors/matteobruni"
        },
        {
          "type": "github",
          "url": "https://github.com/sponsors/tsparticles"
        },
        {
          "type": "buymeacoffee",
          "url": "https://www.buymeacoffee.com/matteobruni"
        }
      ],
      "dependencies": {
        "@tsparticles/engine": "3.9.0",
        "@tsparticles/interaction-external-trail": "3.8.1",
        "@tsparticles/plugin-absorbers": "3.9.0",
        "@tsparticles/plugin-emitters": "3.9.0",
        "@tsparticles/plugin-emitters-shape-circle": "3.9.0",
        "@tsparticles/plugin-emitters-shape-square": "3.9.0",
        "@tsparticles/shape-text": "3.9.0",
        "@tsparticles/slim": "3.9.0",
        "@tsparticles/updater-destroy": "3.9.0",
        "@tsparticles/updater-roll": "3.9.0",
        "@tsparticles/updater-tilt": "3.9.0",
        "@tsparticles/updater-twinkle": "3.9.0",
        "@tsparticles/updater-wobble": "3.9.0"
      }
    }
  }
}
